// !$*UTF8*$!
{
	archiveVersion = 1;
	classes = {
	};
	objectVersion = 50;
	objects = {

/* Begin PBXBuildFile section */
		3A5337CC9D5ED6B22974B47C /* Pods_SwiftDemo.framework in Frameworks */ = {isa = PBXBuildFile; fileRef = CC8312B12A00E517BB474FA7 /* Pods_SwiftDemo.framework */; };
		C105467C2249FEC9000FF552 /* TYTabBar.swift in Sources */ = {isa = PBXBuildFile; fileRef = C105467B2249FEC9000FF552 /* TYTabBar.swift */; };
		C1FE6CB12248BE8D008B3C57 /* AppDelegate.swift in Sources */ = {isa = PBXBuildFile; fileRef = C1FE6CB02248BE8D008B3C57 /* AppDelegate.swift */; };
		C1FE6CBB2248BE90008B3C57 /* LaunchScreen.storyboard in Resources */ = {isa = PBXBuildFile; fileRef = C1FE6CB92248BE90008B3C57 /* LaunchScreen.storyboard */; };
		C1FE6CC72248C6BB008B3C57 /* TYNavigationController.swift in Sources */ = {isa = PBXBuildFile; fileRef = C1FE6CC62248C6BB008B3C57 /* TYNavigationController.swift */; };
		C1FE6CC92248C74E008B3C57 /* TYBaseTabBarController.swift in Sources */ = {isa = PBXBuildFile; fileRef = C1FE6CC82248C74E008B3C57 /* TYBaseTabBarController.swift */; };
		C1FE6CCB2248D448008B3C57 /* Assets.xcassets in Resources */ = {isa = PBXBuildFile; fileRef = C1FE6CCA2248D448008B3C57 /* Assets.xcassets */; };
		C1FE6CCD2248D496008B3C57 /* TYHomeViewController.swift in Sources */ = {isa = PBXBuildFile; fileRef = C1FE6CCC2248D496008B3C57 /* TYHomeViewController.swift */; };
		C1FE6CCF2248D4AA008B3C57 /* TYMineViewController.swift in Sources */ = {isa = PBXBuildFile; fileRef = C1FE6CCE2248D4AA008B3C57 /* TYMineViewController.swift */; };
		C1FE6CD12248D4BD008B3C57 /* TYVideoViewController.swift in Sources */ = {isa = PBXBuildFile; fileRef = C1FE6CD02248D4BD008B3C57 /* TYVideoViewController.swift */; };
		C1FE6CD42248D5A1008B3C57 /* TYHuoshanViewController.swift in Sources */ = {isa = PBXBuildFile; fileRef = C1FE6CD32248D5A1008B3C57 /* TYHuoshanViewController.swift */; };
/* End PBXBuildFile section */

/* Begin PBXFileReference section */
		1CE1D32E44583B4BBA82C460 /* Pods-SwiftDemo.release.xcconfig */ = {isa = PBXFileReference; includeInIndex = 1; lastKnownFileType = text.xcconfig; name = "Pods-SwiftDemo.release.xcconfig"; path = "Pods/Target Support Files/Pods-SwiftDemo/Pods-SwiftDemo.release.xcconfig"; sourceTree = "<group>"; };
		99100E45AFF3ED1B06F65ECE /* Pods-SwiftDemo.debug.xcconfig */ = {isa = PBXFileReference; includeInIndex = 1; lastKnownFileType = text.xcconfig; name = "Pods-SwiftDemo.debug.xcconfig"; path = "Pods/Target Support Files/Pods-SwiftDemo/Pods-SwiftDemo.debug.xcconfig"; sourceTree = "<group>"; };
		C105467B2249FEC9000FF552 /* TYTabBar.swift */ = {isa = PBXFileReference; lastKnownFileType = sourcecode.swift; path = TYTabBar.swift; sourceTree = "<group>"; };
		C1FE6CAD2248BE8D008B3C57 /* SwiftDemo.app */ = {isa = PBXFileReference; explicitFileType = wrapper.application; includeInIndex = 0; path = SwiftDemo.app; sourceTree = BUILT_PRODUCTS_DIR; };
		C1FE6CB02248BE8D008B3C57 /* AppDelegate.swift */ = {isa = PBXFileReference; lastKnownFileType = sourcecode.swift; path = AppDelegate.swift; sourceTree = "<group>"; };
		C1FE6CBA2248BE90008B3C57 /* Base */ = {isa = PBXFileReference; lastKnownFileType = file.storyboard; name = Base; path = Base.lproj/LaunchScreen.storyboard; sourceTree = "<group>"; };
		C1FE6CBC2248BE90008B3C57 /* Info.plist */ = {isa = PBXFileReference; lastKnownFileType = text.plist.xml; path = Info.plist; sourceTree = "<group>"; };
		C1FE6CC62248C6BB008B3C57 /* TYNavigationController.swift */ = {isa = PBXFileReference; lastKnownFileType = sourcecode.swift; path = TYNavigationController.swift; sourceTree = "<group>"; };
		C1FE6CC82248C74E008B3C57 /* TYBaseTabBarController.swift */ = {isa = PBXFileReference; lastKnownFileType = sourcecode.swift; path = TYBaseTabBarController.swift; sourceTree = "<group>"; };
		C1FE6CCA2248D448008B3C57 /* Assets.xcassets */ = {isa = PBXFileReference; lastKnownFileType = folder.assetcatalog; path = Assets.xcassets; sourceTree = "<group>"; };
		C1FE6CCC2248D496008B3C57 /* TYHomeViewController.swift */ = {isa = PBXFileReference; lastKnownFileType = sourcecode.swift; path = TYHomeViewController.swift; sourceTree = "<group>"; };
		C1FE6CCE2248D4AA008B3C57 /* TYMineViewController.swift */ = {isa = PBXFileReference; lastKnownFileType = sourcecode.swift; path = TYMineViewController.swift; sourceTree = "<group>"; };
		C1FE6CD02248D4BD008B3C57 /* TYVideoViewController.swift */ = {isa = PBXFileReference; lastKnownFileType = sourcecode.swift; path = TYVideoViewController.swift; sourceTree = "<group>"; };
		C1FE6CD32248D5A1008B3C57 /* TYHuoshanViewController.swift */ = {isa = PBXFileReference; lastKnownFileType = sourcecode.swift; path = TYHuoshanViewController.swift; sourceTree = "<group>"; };
		CC8312B12A00E517BB474FA7 /* Pods_SwiftDemo.framework */ = {isa = PBXFileReference; explicitFileType = wrapper.framework; includeInIndex = 0; path = Pods_SwiftDemo.framework; sourceTree = BUILT_PRODUCTS_DIR; };
/* End PBXFileReference section */

/* Begin PBXFrameworksBuildPhase section */
		C1FE6CAA2248BE8D008B3C57 /* Frameworks */ = {
			isa = PBXFrameworksBuildPhase;
			buildActionMask = 2147483647;
			files = (
				3A5337CC9D5ED6B22974B47C /* Pods_SwiftDemo.framework in Frameworks */,
			);
			runOnlyForDeploymentPostprocessing = 0;
		};
/* End PBXFrameworksBuildPhase section */

/* Begin PBXGroup section */
		342697EFB57B3F90330BE774 /* Frameworks */ = {
			isa = PBXGroup;
			children = (
				CC8312B12A00E517BB474FA7 /* Pods_SwiftDemo.framework */,
			);
			name = Frameworks;
			sourceTree = "<group>";
		};
		C101FB17224A15C100AEDB3E /* class */ = {
			isa = PBXGroup;
			children = (
				C1FE6CC52248C666008B3C57 /* BaseVC */,
				C1FE6CC22248C619008B3C57 /* home */,
				C1FE6CC42248C630008B3C57 /* mine */,
				C1FE6CC32248C627008B3C57 /* video */,
				C1FE6CD22248D4C8008B3C57 /* Huoshan */,
			);
			path = class;
			sourceTree = "<group>";
		};
		C1FE6CA42248BE8D008B3C57 = {
			isa = PBXGroup;
			children = (
				C1FE6CAF2248BE8D008B3C57 /* SwiftDemo */,
				C1FE6CAE2248BE8D008B3C57 /* Products */,
				E3407A3FB25A919A7DAAA050 /* Pods */,
				342697EFB57B3F90330BE774 /* Frameworks */,
			);
			sourceTree = "<group>";
		};
		C1FE6CAE2248BE8D008B3C57 /* Products */ = {
			isa = PBXGroup;
			children = (
				C1FE6CAD2248BE8D008B3C57 /* SwiftDemo.app */,
			);
			name = Products;
			sourceTree = "<group>";
		};
		C1FE6CAF2248BE8D008B3C57 /* SwiftDemo */ = {
			isa = PBXGroup;
			children = (
				C101FB17224A15C100AEDB3E /* class */,
				C1FE6CB02248BE8D008B3C57 /* AppDelegate.swift */,
				C1FE6CB92248BE90008B3C57 /* LaunchScreen.storyboard */,
				C1FE6CCA2248D448008B3C57 /* Assets.xcassets */,
				C1FE6CBC2248BE90008B3C57 /* Info.plist */,
			);
			path = SwiftDemo;
			sourceTree = "<group>";
		};
		C1FE6CC22248C619008B3C57 /* home */ = {
			isa = PBXGroup;
			children = (
				C1FE6CCC2248D496008B3C57 /* TYHomeViewController.swift */,
			);
			path = home;
			sourceTree = "<group>";
		};
		C1FE6CC32248C627008B3C57 /* video */ = {
			isa = PBXGroup;
			children = (
				C1FE6CD02248D4BD008B3C57 /* TYVideoViewController.swift */,
			);
			path = video;
			sourceTree = "<group>";
		};
		C1FE6CC42248C630008B3C57 /* mine */ = {
			isa = PBXGroup;
			children = (
				C1FE6CCE2248D4AA008B3C57 /* TYMineViewController.swift */,
			);
			path = mine;
			sourceTree = "<group>";
		};
		C1FE6CC52248C666008B3C57 /* BaseVC */ = {
			isa = PBXGroup;
			children = (
				C1FE6CC62248C6BB008B3C57 /* TYNavigationController.swift */,
				C1FE6CC82248C74E008B3C57 /* TYBaseTabBarController.swift */,
				C105467B2249FEC9000FF552 /* TYTabBar.swift */,
			);
			path = BaseVC;
			sourceTree = "<group>";
		};
		C1FE6CD22248D4C8008B3C57 /* Huoshan */ = {
			isa = PBXGroup;
			children = (
				C1FE6CD32248D5A1008B3C57 /* TYHuoshanViewController.swift */,
			);
			path = Huoshan;
			sourceTree = "<group>";
		};
		E3407A3FB25A919A7DAAA050 /* Pods */ = {
			isa = PBXGroup;
			children = (
				99100E45AFF3ED1B06F65ECE /* Pods-SwiftDemo.debug.xcconfig */,
				1CE1D32E44583B4BBA82C460 /* Pods-SwiftDemo.release.xcconfig */,
			);
			name = Pods;
			sourceTree = "<group>";
		};
/* End PBXGroup section */

/* Begin PBXNativeTarget section */
		C1FE6CAC2248BE8D008B3C57 /* SwiftDemo */ = {
			isa = PBXNativeTarget;
			buildConfigurationList = C1FE6CBF2248BE90008B3C57 /* Build configuration list for PBXNativeTarget "SwiftDemo" */;
			buildPhases = (
				1921BC84F21CD7A33C97A74F /* [CP] Check Pods Manifest.lock */,
				C1FE6CA92248BE8D008B3C57 /* Sources */,
				C1FE6CAA2248BE8D008B3C57 /* Frameworks */,
				C1FE6CAB2248BE8D008B3C57 /* Resources */,
			);
			buildRules = (
			);
			dependencies = (
			);
			name = SwiftDemo;
			productName = SwiftDemo;
			productReference = C1FE6CAD2248BE8D008B3C57 /* SwiftDemo.app */;
			productType = "com.apple.product-type.application";
		};
/* End PBXNativeTarget section */

/* Begin PBXProject section */
		C1FE6CA52248BE8D008B3C57 /* Project object */ = {
			isa = PBXProject;
			attributes = {
				CLASSPREFIX = TY;
				LastSwiftUpdateCheck = 1010;
				LastUpgradeCheck = 1010;
				ORGANIZATIONNAME = cjh;
				TargetAttributes = {
					C1FE6CAC2248BE8D008B3C57 = {
						CreatedOnToolsVersion = 10.1;
					};
				};
			};
			buildConfigurationList = C1FE6CA82248BE8D008B3C57 /* Build configuration list for PBXProject "SwiftDemo" */;
			compatibilityVersion = "Xcode 9.3";
			developmentRegion = en;
			hasScannedForEncodings = 0;
			knownRegions = (
				en,
				Base,
			);
			mainGroup = C1FE6CA42248BE8D008B3C57;
			productRefGroup = C1FE6CAE2248BE8D008B3C57 /* Products */;
			projectDirPath = "";
			projectRoot = "";
			targets = (
				C1FE6CAC2248BE8D008B3C57 /* SwiftDemo */,
			);
		};
/* End PBXProject section */

/* Begin PBXResourcesBuildPhase section */
		C1FE6CAB2248BE8D008B3C57 /* Resources */ = {
			isa = PBXResourcesBuildPhase;
			buildActionMask = 2147483647;
			files = (
				C1FE6CBB2248BE90008B3C57 /* LaunchScreen.storyboard in Resources */,
				C1FE6CCB2248D448008B3C57 /* Assets.xcassets in Resources */,
			);
			runOnlyForDeploymentPostprocessing = 0;
		};
/* End PBXResourcesBuildPhase section */

/* Begin PBXShellScriptBuildPhase section */
		1921BC84F21CD7A33C97A74F /* [CP] Check Pods Manifest.lock */ = {
			isa = PBXShellScriptBuildPhase;
			buildActionMask = 2147483647;
			files = (
			);
			inputPaths = (
				"${PODS_PODFILE_DIR_PATH}/Podfile.lock",
				"${PODS_ROOT}/Manifest.lock",
			);
			name = "[CP] Check Pods Manifest.lock";
			outputPaths = (
				"$(DERIVED_FILE_DIR)/Pods-SwiftDemo-checkManifestLockResult.txt",
			);
			runOnlyForDeploymentPostprocessing = 0;
			shellPath = /bin/sh;
			shellScript = "diff \"${PODS_PODFILE_DIR_PATH}/Podfile.lock\" \"${PODS_ROOT}/Manifest.lock\" > /dev/null\nif [ $? != 0 ] ; then\n    # print error to STDERR\n    echo \"error: The sandbox is not in sync with the Podfile.lock. Run 'pod install' or update your CocoaPods installation.\" >&2\n    exit 1\nfi\n# This output is used by Xcode 'outputs' to avoid re-running this script phase.\necho \"SUCCESS\" > \"${SCRIPT_OUTPUT_FILE_0}\"\n";
			showEnvVarsInLog = 0;
		};
/* End PBXShellScriptBuildPhase section */

/* Begin PBXSourcesBuildPhase section */
		C1FE6CA92248BE8D008B3C57 /* Sources */ = {
			isa = PBXSourcesBuildPhase;
			buildActionMask = 2147483647;
			files = (
				C1FE6CCD2248D496008B3C57 /* TYHomeViewController.swift in Sources */,
				C1FE6CD12248D4BD008B3C57 /* TYVideoViewController.swift in Sources */,
				C1FE6CD42248D5A1008B3C57 /* TYHuoshanViewController.swift in Sources */,
				C105467C2249FEC9000FF552 /* TYTabBar.swift in Sources */,
				C1FE6CCF2248D4AA008B3C57 /* TYMineViewController.swift in Sources */,
				C1FE6CC72248C6BB008B3C57 /* TYNavigationController.swift in Sources */,
				C1FE6CB12248BE8D008B3C57 /* AppDelegate.swift in Sources */,
				C1FE6CC92248C74E008B3C57 /* TYBaseTabBarController.swift in Sources */,
			);
			runOnlyForDeploymentPostprocessing = 0;
		};
/* End PBXSourcesBuildPhase section */

/* Begin PBXVariantGroup section */
		C1FE6CB92248BE90008B3C57 /* LaunchScreen.storyboard */ = {
			isa = PBXVariantGroup;
			children = (
				C1FE6CBA2248BE90008B3C57 /* Base */,
			);
			name = LaunchScreen.storyboard;
			sourceTree = "<group>";
		};
/* End PBXVariantGroup section */

/* Begin XCBuildConfiguration section */
		C1FE6CBD2248BE90008B3C57 /* Debug */ = {
			isa = XCBuildConfiguration;
			buildSettings = {
				ALWAYS_SEARCH_USER_PATHS = NO;
				CLANG_ANALYZER_NONNULL = YES;
				CLANG_ANALYZER_NUMBER_OBJECT_CONVERSION = YES_AGGRESSIVE;
				CLANG_CXX_LANGUAGE_STANDARD = "gnu++14";
				CLANG_CXX_LIBRARY = "libc++";
				CLANG_ENABLE_MODULES = YES;
				CLANG_ENABLE_OBJC_ARC = YES;
				CLANG_ENABLE_OBJC_WEAK = YES;
				CLANG_WARN_BLOCK_CAPTURE_AUTORELEASING = YES;
				CLANG_WARN_BOOL_CONVERSION = YES;
				CLANG_WARN_COMMA = YES;
				CLANG_WARN_CONSTANT_CONVERSION = YES;
				CLANG_WARN_DEPRECATED_OBJC_IMPLEMENTATIONS = YES;
				CLANG_WARN_DIRECT_OBJC_ISA_USAGE = YES_ERROR;
				CLANG_WARN_DOCUMENTATION_COMMENTS = YES;
				CLANG_WARN_EMPTY_BODY = YES;
				CLANG_WARN_ENUM_CONVERSION = YES;
				CLANG_WARN_INFINITE_RECURSION = YES;
				CLANG_WARN_INT_CONVERSION = YES;
				CLANG_WARN_NON_LITERAL_NULL_CONVERSION = YES;
				CLANG_WARN_OBJC_IMPLICIT_RETAIN_SELF = YES;
				CLANG_WARN_OBJC_LITERAL_CONVERSION = YES;
				CLANG_WARN_OBJC_ROOT_CLASS = YES_ERROR;
				CLANG_WARN_RANGE_LOOP_ANALYSIS = YES;
				CLANG_WARN_STRICT_PROTOTYPES = YES;
				CLANG_WARN_SUSPICIOUS_MOVE = YES;
				CLANG_WARN_UNGUARDED_AVAILABILITY = YES_AGGRESSIVE;
				CLANG_WARN_UNREACHABLE_CODE = YES;
				CLANG_WARN__DUPLICATE_METHOD_MATCH = YES;
				CODE_SIGN_IDENTITY = "iPhone Developer";
				COPY_PHASE_STRIP = NO;
				DEBUG_INFORMATION_FORMAT = dwarf;
				ENABLE_STRICT_OBJC_MSGSEND = YES;
				ENABLE_TESTABILITY = YES;
				GCC_C_LANGUAGE_STANDARD = gnu11;
				GCC_DYNAMIC_NO_PIC = NO;
				GCC_NO_COMMON_BLOCKS = YES;
				GCC_OPTIMIZATION_LEVEL = 0;
				GCC_PREPROCESSOR_DEFINITIONS = (
					"DEBUG=1",
					"$(inherited)",
				);
				GCC_WARN_64_TO_32_BIT_CONVERSION = YES;
				GCC_WARN_ABOUT_RETURN_TYPE = YES_ERROR;
				GCC_WARN_UNDECLARED_SELECTOR = YES;
				GCC_WARN_UNINITIALIZED_AUTOS = YES_AGGRESSIVE;
				GCC_WARN_UNUSED_FUNCTION = YES;
				GCC_WARN_UNUSED_VARIABLE = YES;
				IPHONEOS_DEPLOYMENT_TARGET = 12.1;
				MTL_ENABLE_DEBUG_INFO = INCLUDE_SOURCE;
				MTL_FAST_MATH = YES;
				ONLY_ACTIVE_ARCH = YES;
				SDKROOT = iphoneos;
				SWIFT_ACTIVE_COMPILATION_CONDITIONS = DEBUG;
				SWIFT_OPTIMIZATION_LEVEL = "-Onone";
			};
			name = Debug;
		};
		C1FE6CBE2248BE90008B3C57 /* Release */ = {
			isa = XCBuildConfiguration;
			buildSettings = {
				ALWAYS_SEARCH_USER_PATHS = NO;
				CLANG_ANALYZER_NONNULL = YES;
				CLANG_ANALYZER_NUMBER_OBJECT_CONVERSION = YES_AGGRESSIVE;
				CLANG_CXX_LANGUAGE_STANDARD = "gnu++14";
				CLANG_CXX_LIBRARY = "libc++";
				CLANG_ENABLE_MODULES = YES;
				CLANG_ENABLE_OBJC_ARC = YES;
				CLANG_ENABLE_OBJC_WEAK = YES;
				CLANG_WARN_BLOCK_CAPTURE_AUTORELEASING = YES;
				CLANG_WARN_BOOL_CONVERSION = YES;
				CLANG_WARN_COMMA = YES;
				CLANG_WARN_CONSTANT_CONVERSION = YES;
				CLANG_WARN_DEPRECATED_OBJC_IMPLEMENTATIONS = YES;
				CLANG_WARN_DIRECT_OBJC_ISA_USAGE = YES_ERROR;
				CLANG_WARN_DOCUMENTATION_COMMENTS = YES;
				CLANG_WARN_EMPTY_BODY = YES;
				CLANG_WARN_ENUM_CONVERSION = YES;
				CLANG_WARN_INFINITE_RECURSION = YES;
				CLANG_WARN_INT_CONVERSION = YES;
				CLANG_WARN_NON_LITERAL_NULL_CONVERSION = YES;
				CLANG_WARN_OBJC_IMPLICIT_RETAIN_SELF = YES;
				CLANG_WARN_OBJC_LITERAL_CONVERSION = YES;
				CLANG_WARN_OBJC_ROOT_CLASS = YES_ERROR;
				CLANG_WARN_RANGE_LOOP_ANALYSIS = YES;
				CLANG_WARN_STRICT_PROTOTYPES = YES;
				CLANG_WARN_SUSPICIOUS_MOVE = YES;
				CLANG_WARN_UNGUARDED_AVAILABILITY = YES_AGGRESSIVE;
				CLANG_WARN_UNREACHABLE_CODE = YES;
				CLANG_WARN__DUPLICATE_METHOD_MATCH = YES;
				CODE_SIGN_IDENTITY = "iPhone Developer";
				COPY_PHASE_STRIP = NO;
				DEBUG_INFORMATION_FORMAT = "dwarf-with-dsym";
				ENABLE_NS_ASSERTIONS = NO;
				ENABLE_STRICT_OBJC_MSGSEND = YES;
				GCC_C_LANGUAGE_STANDARD = gnu11;
				GCC_NO_COMMON_BLOCKS = YES;
				GCC_WARN_64_TO_32_BIT_CONVERSION = YES;
				GCC_WARN_ABOUT_RETURN_TYPE = YES_ERROR;
				GCC_WARN_UNDECLARED_SELECTOR = YES;
				GCC_WARN_UNINITIALIZED_AUTOS = YES_AGGRESSIVE;
				GCC_WARN_UNUSED_FUNCTION = YES;
				GCC_WARN_UNUSED_VARIABLE = YES;
				IPHONEOS_DEPLOYMENT_TARGET = 12.1;
				MTL_ENABLE_DEBUG_INFO = NO;
				MTL_FAST_MATH = YES;
				SDKROOT = iphoneos;
				SWIFT_COMPILATION_MODE = wholemodule;
				SWIFT_OPTIMIZATION_LEVEL = "-O";
				VALIDATE_PRODUCT = YES;
			};
			name = Release;
		};
		C1FE6CC02248BE90008B3C57 /* Debug */ = {
			isa = XCBuildConfiguration;
			baseConfigurationReference = 99100E45AFF3ED1B06F65ECE /* Pods-SwiftDemo.debug.xcconfig */;
			buildSettings = {
				ASSETCATALOG_COMPILER_APPICON_NAME = AppIcon;
				CODE_SIGN_STYLE = Automatic;
				DEVELOPMENT_TEAM = W2Y3WMTNRF;
				INFOPLIST_FILE = SwiftDemo/Info.plist;
				LD_RUNPATH_SEARCH_PATHS = (
					"$(inherited)",
					"@executable_path/Frameworks",
				);
				PRODUCT_BUNDLE_IDENTIFIER = cjh.SwiftDemo;
				PRODUCT_NAME = "$(TARGET_NAME)";
				SWIFT_VERSION = 4.2;
				TARGETED_DEVICE_FAMILY = "1,2";
			};
			name = Debug;
		};
		C1FE6CC12248BE90008B3C57 /* Release */ = {
			isa = XCBuildConfiguration;
			baseConfigurationReference = 1CE1D32E44583B4BBA82C460 /* Pods-SwiftDemo.release.xcconfig */;
			buildSettings = {
				ASSETCATALOG_COMPILER_APPICON_NAME = AppIcon;
				CODE_SIGN_STYLE = Automatic;
				DEVELOPMENT_TEAM = W2Y3WMTNRF;
				INFOPLIST_FILE = SwiftDemo/Info.plist;
				LD_RUNPATH_SEARCH_PATHS = (
					"$(inherited)",
					"@executable_path/Frameworks",
				);
				PRODUCT_BUNDLE_IDENTIFIER = cjh.SwiftDemo;
				PRODUCT_NAME = "$(TARGET_NAME)";
				SWIFT_VERSION = 4.2;
				TARGETED_DEVICE_FAMILY = "1,2";
			};
			name = Release;
		};
/* End XCBuildConfiguration section */

/* Begin XCConfigurationList section */
		C1FE6CA82248BE8D008B3C57 /* Build configuration list for PBXProject "SwiftDemo" */ = {
			isa = XCConfigurationList;
			buildConfigurations = (
				C1FE6CBD2248BE90008B3C57 /* Debug */,
				C1FE6CBE2248BE90008B3C57 /* Release */,
			);
			defaultConfigurationIsVisible = 0;
			defaultConfigurationName = Release;
		};
		C1FE6CBF2248BE90008B3C57 /* Build configuration list for PBXNativeTarget "SwiftDemo" */ = {
			isa = XCConfigurationList;
			buildConfigurations = (
				C1FE6CC02248BE90008B3C57 /* Debug */,
				C1FE6CC12248BE90008B3C57 /* Release */,
			);
			defaultConfigurationIsVisible = 0;
			defaultConfigurationName = Release;
		};
/* End XCConfigurationList section */
	};
	rootObject = C1FE6CA52248BE8D008B3C57 /* Project object */;
}
